// !$*UTF8*$!
{
	archiveVersion = 1;
	classes = {
	};
	objectVersion = 46;
	objects = {

/* Begin PBXBuildFile section */
		CCA4180E1975B33E004685E6 /* AppDelegate.swift in Sources */ = {isa = PBXBuildFile; fileRef = CCA4180D1975B33E004685E6 /* AppDelegate.swift */; };
		CCA418121975B33E004685E6 /* GameScene.swift in Sources */ = {isa = PBXBuildFile; fileRef = CCA418111975B33E004685E6 /* GameScene.swift */; };
		CCA418141975B33E004685E6 /* GameViewController.swift in Sources */ = {isa = PBXBuildFile; fileRef = CCA418131975B33E004685E6 /* GameViewController.swift */; };
		CCA418171975B33E004685E6 /* Main.storyboard in Resources */ = {isa = PBXBuildFile; fileRef = CCA418151975B33E004685E6 /* Main.storyboard */; };
		CCA418191975B33F004685E6 /* Images.xcassets in Resources */ = {isa = PBXBuildFile; fileRef = CCA418181975B33F004685E6 /* Images.xcassets */; };
		CCA418251975B33F004685E6 /* TouchTestTests.swift in Sources */ = {isa = PBXBuildFile; fileRef = CCA418241975B33F004685E6 /* TouchTestTests.swift */; };
		CCA4182F19781211004685E6 /* MySpot.swift in Sources */ = {isa = PBXBuildFile; fileRef = CCA4182E19781211004685E6 /* MySpot.swift */; };
		CCA4183119782ADA004685E6 /* MyBoard.swift in Sources */ = {isa = PBXBuildFile; fileRef = CCA4183019782ADA004685E6 /* MyBoard.swift */; };
		CCCE57DF197EE747004A445A /* A2.m4a in Resources */ = {isa = PBXBuildFile; fileRef = CCCE57D5197EE747004A445A /* A2.m4a */; };
		CCCE57E0197EE747004A445A /* B1.m4a in Resources */ = {isa = PBXBuildFile; fileRef = CCCE57D6197EE747004A445A /* B1.m4a */; };
		CCCE57E1197EE747004A445A /* B2.m4a in Resources */ = {isa = PBXBuildFile; fileRef = CCCE57D7197EE747004A445A /* B2.m4a */; };
		CCCE57E2197EE747004A445A /* C2.m4a in Resources */ = {isa = PBXBuildFile; fileRef = CCCE57D8197EE747004A445A /* C2.m4a */; };
		CCCE57E3197EE747004A445A /* C3.m4a in Resources */ = {isa = PBXBuildFile; fileRef = CCCE57D9197EE747004A445A /* C3.m4a */; };
		CCCE57E4197EE747004A445A /* D2.m4a in Resources */ = {isa = PBXBuildFile; fileRef = CCCE57DA197EE747004A445A /* D2.m4a */; };
		CCCE57E5197EE747004A445A /* D3.m4a in Resources */ = {isa = PBXBuildFile; fileRef = CCCE57DB197EE747004A445A /* D3.m4a */; };
		CCCE57E6197EE747004A445A /* E2.m4a in Resources */ = {isa = PBXBuildFile; fileRef = CCCE57DC197EE747004A445A /* E2.m4a */; };
		CCCE57E7197EE747004A445A /* F2.m4a in Resources */ = {isa = PBXBuildFile; fileRef = CCCE57DD197EE747004A445A /* F2.m4a */; };
		CCCE57E8197EE747004A445A /* G2.m4a in Resources */ = {isa = PBXBuildFile; fileRef = CCCE57DE197EE747004A445A /* G2.m4a */; };
		CCCE57EA197EEA71004A445A /* redButton.png in Resources */ = {isa = PBXBuildFile; fileRef = CCCE57E9197EEA71004A445A /* redButton.png */; };
/* End PBXBuildFile section */

/* Begin PBXContainerItemProxy section */
		CCA4181F1975B33F004685E6 /* PBXContainerItemProxy */ = {
			isa = PBXContainerItemProxy;
			containerPortal = CCA418001975B33E004685E6 /* Project object */;
			proxyType = 1;
			remoteGlobalIDString = CCA418071975B33E004685E6;
			remoteInfo = TouchTest;
		};
/* End PBXContainerItemProxy section */

/* Begin PBXFileReference section */
		CCA418081975B33E004685E6 /* waterDrops.app */ = {isa = PBXFileReference; explicitFileType = wrapper.application; includeInIndex = 0; path = waterDrops.app; sourceTree = BUILT_PRODUCTS_DIR; };
		CCA4180C1975B33E004685E6 /* Info.plist */ = {isa = PBXFileReference; lastKnownFileType = text.plist.xml; path = Info.plist; sourceTree = "<group>"; };
		CCA4180D1975B33E004685E6 /* AppDelegate.swift */ = {isa = PBXFileReference; lastKnownFileType = sourcecode.swift; path = AppDelegate.swift; sourceTree = "<group>"; };
		CCA418111975B33E004685E6 /* GameScene.swift */ = {isa = PBXFileReference; lastKnownFileType = sourcecode.swift; path = GameScene.swift; sourceTree = "<group>"; };
		CCA418131975B33E004685E6 /* GameViewController.swift */ = {isa = PBXFileReference; lastKnownFileType = sourcecode.swift; path = GameViewController.swift; sourceTree = "<group>"; };
		CCA418161975B33E004685E6 /* Base */ = {isa = PBXFileReference; lastKnownFileType = file.storyboard; name = Base; path = Base.lproj/Main.storyboard; sourceTree = "<group>"; };
		CCA418181975B33F004685E6 /* Images.xcassets */ = {isa = PBXFileReference; lastKnownFileType = folder.assetcatalog; path = Images.xcassets; sourceTree = "<group>"; };
		CCA4181E1975B33F004685E6 /* TouchTestTests.xctest */ = {isa = PBXFileReference; explicitFileType = wrapper.cfbundle; includeInIndex = 0; path = TouchTestTests.xctest; sourceTree = BUILT_PRODUCTS_DIR; };
		CCA418231975B33F004685E6 /* Info.plist */ = {isa = PBXFileReference; lastKnownFileType = text.plist.xml; path = Info.plist; sourceTree = "<group>"; };
		CCA418241975B33F004685E6 /* TouchTestTests.swift */ = {isa = PBXFileReference; lastKnownFileType = sourcecode.swift; path = TouchTestTests.swift; sourceTree = "<group>"; };
		CCA4182E19781211004685E6 /* MySpot.swift */ = {isa = PBXFileReference; fileEncoding = 4; lastKnownFileType = sourcecode.swift; path = MySpot.swift; sourceTree = "<group>"; };
		CCA4183019782ADA004685E6 /* MyBoard.swift */ = {isa = PBXFileReference; fileEncoding = 4; lastKnownFileType = sourcecode.swift; path = MyBoard.swift; sourceTree = "<group>"; };
		CCCE57D5197EE747004A445A /* A2.m4a */ = {isa = PBXFileReference; lastKnownFileType = file; path = A2.m4a; sourceTree = "<group>"; };
		CCCE57D6197EE747004A445A /* B1.m4a */ = {isa = PBXFileReference; lastKnownFileType = file; path = B1.m4a; sourceTree = "<group>"; };
		CCCE57D7197EE747004A445A /* B2.m4a */ = {isa = PBXFileReference; lastKnownFileType = file; path = B2.m4a; sourceTree = "<group>"; };
		CCCE57D8197EE747004A445A /* C2.m4a */ = {isa = PBXFileReference; lastKnownFileType = file; path = C2.m4a; sourceTree = "<group>"; };
		CCCE57D9197EE747004A445A /* C3.m4a */ = {isa = PBXFileReference; lastKnownFileType = file; path = C3.m4a; sourceTree = "<group>"; };
		CCCE57DA197EE747004A445A /* D2.m4a */ = {isa = PBXFileReference; lastKnownFileType = file; path = D2.m4a; sourceTree = "<group>"; };
		CCCE57DB197EE747004A445A /* D3.m4a */ = {isa = PBXFileReference; lastKnownFileType = file; path = D3.m4a; sourceTree = "<group>"; };
		CCCE57DC197EE747004A445A /* E2.m4a */ = {isa = PBXFileReference; lastKnownFileType = file; path = E2.m4a; sourceTree = "<group>"; };
		CCCE57DD197EE747004A445A /* F2.m4a */ = {isa = PBXFileReference; lastKnownFileType = file; path = F2.m4a; sourceTree = "<group>"; };
		CCCE57DE197EE747004A445A /* G2.m4a */ = {isa = PBXFileReference; lastKnownFileType = file; path = G2.m4a; sourceTree = "<group>"; };
		CCCE57E9197EEA71004A445A /* redButton.png */ = {isa = PBXFileReference; lastKnownFileType = image.png; path = redButton.png; sourceTree = "<group>"; };
/* End PBXFileReference section */

/* Begin PBXFrameworksBuildPhase section */
		CCA418051975B33E004685E6 /* Frameworks */ = {
			isa = PBXFrameworksBuildPhase;
			buildActionMask = 2147483647;
			files = (
			);
			runOnlyForDeploymentPostprocessing = 0;
		};
		CCA4181B1975B33F004685E6 /* Frameworks */ = {
			isa = PBXFrameworksBuildPhase;
			buildActionMask = 2147483647;
			files = (
			);
			runOnlyForDeploymentPostprocessing = 0;
		};
/* End PBXFrameworksBuildPhase section */

/* Begin PBXGroup section */
		CCA417FF1975B33E004685E6 = {
			isa = PBXGroup;
			children = (
				CCA4180A1975B33E004685E6 /* TouchTest */,
				CCA418211975B33F004685E6 /* TouchTestTests */,
				CCA418091975B33E004685E6 /* Products */,
			);
			sourceTree = "<group>";
		};
		CCA418091975B33E004685E6 /* Products */ = {
			isa = PBXGroup;
			children = (
				CCA418081975B33E004685E6 /* waterDrops.app */,
				CCA4181E1975B33F004685E6 /* TouchTestTests.xctest */,
			);
			name = Products;
			sourceTree = "<group>";
		};
		CCA4180A1975B33E004685E6 /* TouchTest */ = {
			isa = PBXGroup;
			children = (
				CCA4180D1975B33E004685E6 /* AppDelegate.swift */,
				CCA418111975B33E004685E6 /* GameScene.swift */,
				CCA418131975B33E004685E6 /* GameViewController.swift */,
				CCA4182E19781211004685E6 /* MySpot.swift */,
				CCA4183019782ADA004685E6 /* MyBoard.swift */,
				CCA418151975B33E004685E6 /* Main.storyboard */,
				CCA418181975B33F004685E6 /* Images.xcassets */,
				CCCE57E9197EEA71004A445A /* redButton.png */,
				CCCE57D4197EE747004A445A /* tones */,
				CCA4180B1975B33E004685E6 /* Supporting Files */,
			);
			path = TouchTest;
			sourceTree = "<group>";
		};
		CCA4180B1975B33E004685E6 /* Supporting Files */ = {
			isa = PBXGroup;
			children = (
				CCA4180C1975B33E004685E6 /* Info.plist */,
			);
			name = "Supporting Files";
			sourceTree = "<group>";
		};
		CCA418211975B33F004685E6 /* TouchTestTests */ = {
			isa = PBXGroup;
			children = (
				CCA418241975B33F004685E6 /* TouchTestTests.swift */,
				CCA418221975B33F004685E6 /* Supporting Files */,
			);
			path = TouchTestTests;
			sourceTree = "<group>";
		};
		CCA418221975B33F004685E6 /* Supporting Files */ = {
			isa = PBXGroup;
			children = (
				CCA418231975B33F004685E6 /* Info.plist */,
			);
			name = "Supporting Files";
			sourceTree = "<group>";
		};
		CCCE57D4197EE747004A445A /* tones */ = {
			isa = PBXGroup;
			children = (
				CCCE57D5197EE747004A445A /* A2.m4a */,
				CCCE57D6197EE747004A445A /* B1.m4a */,
				CCCE57D7197EE747004A445A /* B2.m4a */,
				CCCE57D8197EE747004A445A /* C2.m4a */,
				CCCE57D9197EE747004A445A /* C3.m4a */,
				CCCE57DA197EE747004A445A /* D2.m4a */,
				CCCE57DB197EE747004A445A /* D3.m4a */,
				CCCE57DC197EE747004A445A /* E2.m4a */,
				CCCE57DD197EE747004A445A /* F2.m4a */,
				CCCE57DE197EE747004A445A /* G2.m4a */,
			);
			path = tones;
			sourceTree = "<group>";
		};
/* End PBXGroup section */

/* Begin PBXNativeTarget section */
		CCA418071975B33E004685E6 /* TouchTest */ = {
			isa = PBXNativeTarget;
			buildConfigurationList = CCA418281975B33F004685E6 /* Build configuration list for PBXNativeTarget "TouchTest" */;
			buildPhases = (
				CCA418041975B33E004685E6 /* Sources */,
				CCA418051975B33E004685E6 /* Frameworks */,
				CCA418061975B33E004685E6 /* Resources */,
			);
			buildRules = (
			);
			dependencies = (
			);
			name = TouchTest;
			productName = TouchTest;
			productReference = CCA418081975B33E004685E6 /* waterDrops.app */;
			productType = "com.apple.product-type.application";
		};
		CCA4181D1975B33F004685E6 /* TouchTestTests */ = {
			isa = PBXNativeTarget;
			buildConfigurationList = CCA4182B1975B33F004685E6 /* Build configuration list for PBXNativeTarget "TouchTestTests" */;
			buildPhases = (
				CCA4181A1975B33F004685E6 /* Sources */,
				CCA4181B1975B33F004685E6 /* Frameworks */,
				CCA4181C1975B33F004685E6 /* Resources */,
			);
			buildRules = (
			);
			dependencies = (
				CCA418201975B33F004685E6 /* PBXTargetDependency */,
			);
			name = TouchTestTests;
			productName = TouchTestTests;
			productReference = CCA4181E1975B33F004685E6 /* TouchTestTests.xctest */;
			productType = "com.apple.product-type.bundle.unit-test";
		};
/* End PBXNativeTarget section */

/* Begin PBXProject section */
		CCA418001975B33E004685E6 /* Project object */ = {
			isa = PBXProject;
			attributes = {
				LastUpgradeCheck = 0600;
				ORGANIZATIONNAME = "rick conroy";
				TargetAttributes = {
					CCA418071975B33E004685E6 = {
						CreatedOnToolsVersion = 6.0;
					};
					CCA4181D1975B33F004685E6 = {
						CreatedOnToolsVersion = 6.0;
						TestTargetID = CCA418071975B33E004685E6;
					};
				};
			};
			buildConfigurationList = CCA418031975B33E004685E6 /* Build configuration list for PBXProject "TouchTest" */;
			compatibilityVersion = "Xcode 3.2";
			developmentRegion = English;
			hasScannedForEncodings = 0;
			knownRegions = (
				en,
				Base,
			);
			mainGroup = CCA417FF1975B33E004685E6;
			productRefGroup = CCA418091975B33E004685E6 /* Products */;
			projectDirPath = "";
			projectRoot = "";
			targets = (
				CCA418071975B33E004685E6 /* TouchTest */,
				CCA4181D1975B33F004685E6 /* TouchTestTests */,
			);
		};
/* End PBXProject section */

/* Begin PBXResourcesBuildPhase section */
		CCA418061975B33E004685E6 /* Resources */ = {
			isa = PBXResourcesBuildPhase;
			buildActionMask = 2147483647;
			files = (
				CCCE57E1197EE747004A445A /* B2.m4a in Resources */,
				CCCE57DF197EE747004A445A /* A2.m4a in Resources */,
				CCCE57E5197EE747004A445A /* D3.m4a in Resources */,
				CCCE57E8197EE747004A445A /* G2.m4a in Resources */,
				CCCE57E3197EE747004A445A /* C3.m4a in Resources */,
				CCCE57E0197EE747004A445A /* B1.m4a in Resources */,
				CCCE57E6197EE747004A445A /* E2.m4a in Resources */,
				CCCE57E4197EE747004A445A /* D2.m4a in Resources */,
				CCA418191975B33F004685E6 /* Images.xcassets in Resources */,
				CCA418171975B33E004685E6 /* Main.storyboard in Resources */,
				CCCE57E7197EE747004A445A /* F2.m4a in Resources */,
				CCCE57EA197EEA71004A445A /* redButton.png in Resources */,
				CCCE57E2197EE747004A445A /* C2.m4a in Resources */,
			);
			runOnlyForDeploymentPostprocessing = 0;
		};
		CCA4181C1975B33F004685E6 /* Resources */ = {
			isa = PBXResourcesBuildPhase;
			buildActionMask = 2147483647;
			files = (
			);
			runOnlyForDeploymentPostprocessing = 0;
		};
/* End PBXResourcesBuildPhase section */

/* Begin PBXSourcesBuildPhase section */
		CCA418041975B33E004685E6 /* Sources */ = {
			isa = PBXSourcesBuildPhase;
			buildActionMask = 2147483647;
			files = (
				CCA418121975B33E004685E6 /* GameScene.swift in Sources */,
				CCA418141975B33E004685E6 /* GameViewController.swift in Sources */,
				CCA4180E1975B33E004685E6 /* AppDelegate.swift in Sources */,
				CCA4183119782ADA004685E6 /* MyBoard.swift in Sources */,
				CCA4182F19781211004685E6 /* MySpot.swift in Sources */,
			);
			runOnlyForDeploymentPostprocessing = 0;
		};
		CCA4181A1975B33F004685E6 /* Sources */ = {
			isa = PBXSourcesBuildPhase;
			buildActionMask = 2147483647;
			files = (
				CCA418251975B33F004685E6 /* TouchTestTests.swift in Sources */,
			);
			runOnlyForDeploymentPostprocessing = 0;
		};
/* End PBXSourcesBuildPhase section */

/* Begin PBXTargetDependency section */
		CCA418201975B33F004685E6 /* PBXTargetDependency */ = {
			isa = PBXTargetDependency;
			target = CCA418071975B33E004685E6 /* TouchTest */;
			targetProxy = CCA4181F1975B33F004685E6 /* PBXContainerItemProxy */;
		};
/* End PBXTargetDependency section */

/* Begin PBXVariantGroup section */
		CCA418151975B33E004685E6 /* Main.storyboard */ = {
			isa = PBXVariantGroup;
			children = (
				CCA418161975B33E004685E6 /* Base */,
			);
			name = Main.storyboard;
			sourceTree = "<group>";
		};
/* End PBXVariantGroup section */

/* Begin XCBuildConfiguration section */
		CCA418261975B33F004685E6 /* Debug */ = {
			isa = XCBuildConfiguration;
			buildSettings = {
				ALWAYS_SEARCH_USER_PATHS = NO;
				CLANG_CXX_LANGUAGE_STANDARD = "gnu++0x";
				CLANG_CXX_LIBRARY = "libc++";
				CLANG_ENABLE_MODULES = YES;
				CLANG_ENABLE_OBJC_ARC = YES;
				CLANG_WARN_BOOL_CONVERSION = YES;
				CLANG_WARN_CONSTANT_CONVERSION = YES;
				CLANG_WARN_DIRECT_OBJC_ISA_USAGE = YES_ERROR;
				CLANG_WARN_EMPTY_BODY = YES;
				CLANG_WARN_ENUM_CONVERSION = YES;
				CLANG_WARN_INT_CONVERSION = YES;
				CLANG_WARN_OBJC_ROOT_CLASS = YES_ERROR;
				CLANG_WARN_UNREACHABLE_CODE = YES;
				CLANG_WARN__DUPLICATE_METHOD_MATCH = YES;
				"CODE_SIGN_IDENTITY[sdk=iphoneos*]" = "iPhone Developer";
				COPY_PHASE_STRIP = NO;
				ENABLE_STRICT_OBJC_MSGSEND = YES;
				GCC_C_LANGUAGE_STANDARD = gnu99;
				GCC_DYNAMIC_NO_PIC = NO;
				GCC_OPTIMIZATION_LEVEL = 0;
				GCC_PREPROCESSOR_DEFINITIONS = (
					"DEBUG=1",
					"$(inherited)",
				);
				GCC_SYMBOLS_PRIVATE_EXTERN = NO;
				GCC_WARN_64_TO_32_BIT_CONVERSION = YES;
				GCC_WARN_ABOUT_RETURN_TYPE = YES_ERROR;
				GCC_WARN_UNDECLARED_SELECTOR = YES;
				GCC_WARN_UNINITIALIZED_AUTOS = YES_AGGRESSIVE;
				GCC_WARN_UNUSED_FUNCTION = YES;
				GCC_WARN_UNUSED_VARIABLE = YES;
				IPHONEOS_DEPLOYMENT_TARGET = 8.0;
				MTL_ENABLE_DEBUG_INFO = YES;
				ONLY_ACTIVE_ARCH = YES;
				SDKROOT = iphoneos;
				SWIFT_OPTIMIZATION_LEVEL = "-Onone";
			};
			name = Debug;
		};
		CCA418271975B33F004685E6 /* Release */ = {
			isa = XCBuildConfiguration;
			buildSettings = {
				ALWAYS_SEARCH_USER_PATHS = NO;
				CLANG_CXX_LANGUAGE_STANDARD = "gnu++0x";
				CLANG_CXX_LIBRARY = "libc++";
				CLANG_ENABLE_MODULES = YES;
				CLANG_ENABLE_OBJC_ARC = YES;
				CLANG_WARN_BOOL_CONVERSION = YES;
				CLANG_WARN_CONSTANT_CONVERSION = YES;
				CLANG_WARN_DIRECT_OBJC_ISA_USAGE = YES_ERROR;
				CLANG_WARN_EMPTY_BODY = YES;
				CLANG_WARN_ENUM_CONVERSION = YES;
				CLANG_WARN_INT_CONVERSION = YES;
				CLANG_WARN_OBJC_ROOT_CLASS = YES_ERROR;
				CLANG_WARN_UNREACHABLE_CODE = YES;
				CLANG_WARN__DUPLICATE_METHOD_MATCH = YES;
				"CODE_SIGN_IDENTITY[sdk=iphoneos*]" = "iPhone Developer";
				COPY_PHASE_STRIP = YES;
				ENABLE_NS_ASSERTIONS = NO;
				ENABLE_STRICT_OBJC_MSGSEND = YES;
				GCC_C_LANGUAGE_STANDARD = gnu99;
				GCC_WARN_64_TO_32_BIT_CONVERSION = YES;
				GCC_WARN_ABOUT_RETURN_TYPE = YES_ERROR;
				GCC_WARN_UNDECLARED_SELECTOR = YES;
				GCC_WARN_UNINITIALIZED_AUTOS = YES_AGGRESSIVE;
				GCC_WARN_UNUSED_FUNCTION = YES;
				GCC_WARN_UNUSED_VARIABLE = YES;
				IPHONEOS_DEPLOYMENT_TARGET = 8.0;
				MTL_ENABLE_DEBUG_INFO = NO;
				SDKROOT = iphoneos;
				VALIDATE_PRODUCT = YES;
			};
			name = Release;
		};
		CCA418291975B33F004685E6 /* Debug */ = {
			isa = XCBuildConfiguration;
			buildSettings = {
				ASSETCATALOG_COMPILER_APPICON_NAME = AppIcon;
				ASSETCATALOG_COMPILER_LAUNCHIMAGE_NAME = LaunchImage;
				INFOPLIST_FILE = TouchTest/Info.plist;
				IPHONEOS_DEPLOYMENT_TARGET = 7.1;
				LD_RUNPATH_SEARCH_PATHS = "$(inherited) @executable_path/Frameworks";
				PRODUCT_NAME = waterDrops;
			};
			name = Debug;
		};
		CCA4182A1975B33F004685E6 /* Release */ = {
			isa = XCBuildConfiguration;
			buildSettings = {
				ASSETCATALOG_COMPILER_APPICON_NAME = AppIcon;
				ASSETCATALOG_COMPILER_LAUNCHIMAGE_NAME = LaunchImage;
				CODE_SIGN_IDENTITY = "iPhone Distribution";
				"CODE_SIGN_IDENTITY[sdk=iphoneos*]" = "iPhone Distribution";
				INFOPLIST_FILE = TouchTest/Info.plist;
				IPHONEOS_DEPLOYMENT_TARGET = 7.1;
				LD_RUNPATH_SEARCH_PATHS = "$(inherited) @executable_path/Frameworks";
				PRODUCT_NAME = waterDrops;
			};
			name = Release;
		};
		CCA4182C1975B33F004685E6 /* Debug */ = {
			isa = XCBuildConfiguration;
			buildSettings = {
				BUNDLE_LOADER = "$(BUILT_PRODUCTS_DIR)/TouchTest.app/TouchTest";
				FRAMEWORK_SEARCH_PATHS = (
					"$(SDKROOT)/Developer/Library/Frameworks",
					"$(inherited)",
				);
				GCC_PREPROCESSOR_DEFINITIONS = (
					"DEBUG=1",
					"$(inherited)",
				);
				INFOPLIST_FILE = TouchTestTests/Info.plist;
				LD_RUNPATH_SEARCH_PATHS = "$(inherited) @executable_path/Frameworks @loader_path/Frameworks";
				PRODUCT_NAME = "$(TARGET_NAME)";
				TEST_HOST = "$(BUNDLE_LOADER)";
			};
			name = Debug;
		};
		CCA4182D1975B33F004685E6 /* Release */ = {
			isa = XCBuildConfiguration;
			buildSettings = {
				BUNDLE_LOADER = "$(BUILT_PRODUCTS_DIR)/TouchTest.app/TouchTest";
				FRAMEWORK_SEARCH_PATHS = (
					"$(SDKROOT)/Developer/Library/Frameworks",
					"$(inherited)",
				);
				INFOPLIST_FILE = TouchTestTests/Info.plist;
				LD_RUNPATH_SEARCH_PATHS = "$(inherited) @executable_path/Frameworks @loader_path/Frameworks";
				PRODUCT_NAME = "$(TARGET_NAME)";
				TEST_HOST = "$(BUNDLE_LOADER)";
			};
			name = Release;
		};
/* End XCBuildConfiguration section */

/* Begin XCConfigurationList section */
		CCA418031975B33E004685E6 /* Build configuration list for PBXProject "TouchTest" */ = {
			isa = XCConfigurationList;
			buildConfigurations = (
				CCA418261975B33F004685E6 /* Debug */,
				CCA418271975B33F004685E6 /* Release */,
			);
			defaultConfigurationIsVisible = 0;
			defaultConfigurationName = Release;
		};
		CCA418281975B33F004685E6 /* Build configuration list for PBXNativeTarget "TouchTest" */ = {
			isa = XCConfigurationList;
			buildConfigurations = (
				CCA418291975B33F004685E6 /* Debug */,
				CCA4182A1975B33F004685E6 /* Release */,
			);
			defaultConfigurationIsVisible = 0;
			defaultConfigurationName = Release;
		};
		CCA4182B1975B33F004685E6 /* Build configuration list for PBXNativeTarget "TouchTestTests" */ = {
			isa = XCConfigurationList;
			buildConfigurations = (
				CCA4182C1975B33F004685E6 /* Debug */,
				CCA4182D1975B33F004685E6 /* Release */,
			);
			defaultConfigurationIsVisible = 0;
			defaultConfigurationName = Release;
		};
/* End XCConfigurationList section */
	};
	rootObject = CCA418001975B33E004685E6 /* Project object */;
}
